github.com/giorgisio/goav v0.0.0-20181122171532-3f6ff54a2438 h1:PNhdD7bIpHVQ1GRmSeCR/BajVnNNSjvrtQii/WveKr0=
github.com/giorgisio/goav v0.0.0-20181122171532-3f6ff54a2438/go.mod h1:KxkdP9T4ipIZdF3bhJHXBE7BfP0odRnuaiui5VuMusY=
github.com/gosuri/uilive v0.0.0-20170323041506-ac356e6e42cd h1:1e+0Z+T4t1mKL5xxvxXh5FkjuiToQGKreCobLu7lR3Y=
github.com/gosuri/uilive v0.0.0-20170323041506-ac356e6e42cd/go.mod h1:qkLSc0A5EXSP6B04TrN4oQoxqFI7A8XvoXSlJi8cwk8=
github.com/gosuri/uiprogress v0.0.0-20170224063937-d0567a9d84a1 h1:4iPLwzjiWGBQnYdtKbg/JNlGlEEvklrrMdjypdA1LKQ=
github.com/gosuri/uiprogress v0.0.0-20170224063937-d0567a9d84a1/go.mod h1:C1RTYn4Sc7iEyf6j8ft5dyoZ4212h8G1ol9QQluh5+0=
